// !$*UTF8*$!
{
	archiveVersion = 1;
	classes = {
	};
	objectVersion = 55;
	objects = {

/* Begin PBXBuildFile section */
		6F2650DE27BA83D700B0F94F /* AppDelegate.swift in Sources */ = {isa = PBXBuildFile; fileRef = 6F2650DD27BA83D700B0F94F /* AppDelegate.swift */; };
		6F2650E027BA83D700B0F94F /* SceneDelegate.swift in Sources */ = {isa = PBXBuildFile; fileRef = 6F2650DF27BA83D700B0F94F /* SceneDelegate.swift */; };
		6F2650E227BA83D700B0F94F /* ViewController.swift in Sources */ = {isa = PBXBuildFile; fileRef = 6F2650E127BA83D700B0F94F /* ViewController.swift */; };
		6F2650E527BA83D700B0F94F /* Main.storyboard in Resources */ = {isa = PBXBuildFile; fileRef = 6F2650E327BA83D700B0F94F /* Main.storyboard */; };
		6F2650E727BA83DC00B0F94F /* Assets.xcassets in Resources */ = {isa = PBXBuildFile; fileRef = 6F2650E627BA83DC00B0F94F /* Assets.xcassets */; };
		6F2650EA27BA83DC00B0F94F /* LaunchScreen.storyboard in Resources */ = {isa = PBXBuildFile; fileRef = 6F2650E827BA83DC00B0F94F /* LaunchScreen.storyboard */; };
		6F2650F527BA83DC00B0F94F /* PopOverPotatoTests.swift in Sources */ = {isa = PBXBuildFile; fileRef = 6F2650F427BA83DC00B0F94F /* PopOverPotatoTests.swift */; };
		6F2650FF27BA83DC00B0F94F /* PopOverPotatoUITests.swift in Sources */ = {isa = PBXBuildFile; fileRef = 6F2650FE27BA83DC00B0F94F /* PopOverPotatoUITests.swift */; };
		6F26510127BA83DC00B0F94F /* PopOverPotatoUITestsLaunchTests.swift in Sources */ = {isa = PBXBuildFile; fileRef = 6F26510027BA83DC00B0F94F /* PopOverPotatoUITestsLaunchTests.swift */; };
		6F26510E27BA847B00B0F94F /* PopOverViewController.swift in Sources */ = {isa = PBXBuildFile; fileRef = 6F26510D27BA847B00B0F94F /* PopOverViewController.swift */; };
/* End PBXBuildFile section */

/* Begin PBXContainerItemProxy section */
		6F2650F127BA83DC00B0F94F /* PBXContainerItemProxy */ = {
			isa = PBXContainerItemProxy;
			containerPortal = 6F2650D227BA83D700B0F94F /* Project object */;
			proxyType = 1;
			remoteGlobalIDString = 6F2650D927BA83D700B0F94F;
			remoteInfo = PopOverPotato;
		};
		6F2650FB27BA83DC00B0F94F /* PBXContainerItemProxy */ = {
			isa = PBXContainerItemProxy;
			containerPortal = 6F2650D227BA83D700B0F94F /* Project object */;
			proxyType = 1;
			remoteGlobalIDString = 6F2650D927BA83D700B0F94F;
			remoteInfo = PopOverPotato;
		};
/* End PBXContainerItemProxy section */

/* Begin PBXFileReference section */
		6F2650DA27BA83D700B0F94F /* PopOverPotato.app */ = {isa = PBXFileReference; explicitFileType = wrapper.application; includeInIndex = 0; path = PopOverPotato.app; sourceTree = BUILT_PRODUCTS_DIR; };
		6F2650DD27BA83D700B0F94F /* AppDelegate.swift */ = {isa = PBXFileReference; lastKnownFileType = sourcecode.swift; path = AppDelegate.swift; sourceTree = "<group>"; };
		6F2650DF27BA83D700B0F94F /* SceneDelegate.swift */ = {isa = PBXFileReference; lastKnownFileType = sourcecode.swift; path = SceneDelegate.swift; sourceTree = "<group>"; };
		6F2650E127BA83D700B0F94F /* ViewController.swift */ = {isa = PBXFileReference; lastKnownFileType = sourcecode.swift; path = ViewController.swift; sourceTree = "<group>"; };
		6F2650E427BA83D700B0F94F /* Base */ = {isa = PBXFileReference; lastKnownFileType = file.storyboard; name = Base; path = Base.lproj/Main.storyboard; sourceTree = "<group>"; };
		6F2650E627BA83DC00B0F94F /* Assets.xcassets */ = {isa = PBXFileReference; lastKnownFileType = folder.assetcatalog; path = Assets.xcassets; sourceTree = "<group>"; };
		6F2650E927BA83DC00B0F94F /* Base */ = {isa = PBXFileReference; lastKnownFileType = file.storyboard; name = Base; path = Base.lproj/LaunchScreen.storyboard; sourceTree = "<group>"; };
		6F2650EB27BA83DC00B0F94F /* Info.plist */ = {isa = PBXFileReference; lastKnownFileType = text.plist.xml; path = Info.plist; sourceTree = "<group>"; };
		6F2650F027BA83DC00B0F94F /* PopOverPotatoTests.xctest */ = {isa = PBXFileReference; explicitFileType = wrapper.cfbundle; includeInIndex = 0; path = PopOverPotatoTests.xctest; sourceTree = BUILT_PRODUCTS_DIR; };
		6F2650F427BA83DC00B0F94F /* PopOverPotatoTests.swift */ = {isa = PBXFileReference; lastKnownFileType = sourcecode.swift; path = PopOverPotatoTests.swift; sourceTree = "<group>"; };
		6F2650FA27BA83DC00B0F94F /* PopOverPotatoUITests.xctest */ = {isa = PBXFileReference; explicitFileType = wrapper.cfbundle; includeInIndex = 0; path = PopOverPotatoUITests.xctest; sourceTree = BUILT_PRODUCTS_DIR; };
		6F2650FE27BA83DC00B0F94F /* PopOverPotatoUITests.swift */ = {isa = PBXFileReference; lastKnownFileType = sourcecode.swift; path = PopOverPotatoUITests.swift; sourceTree = "<group>"; };
		6F26510027BA83DC00B0F94F /* PopOverPotatoUITestsLaunchTests.swift */ = {isa = PBXFileReference; lastKnownFileType = sourcecode.swift; path = PopOverPotatoUITestsLaunchTests.swift; sourceTree = "<group>"; };
		6F26510D27BA847B00B0F94F /* PopOverViewController.swift */ = {isa = PBXFileReference; lastKnownFileType = sourcecode.swift; path = PopOverViewController.swift; sourceTree = "<group>"; };
/* End PBXFileReference section */

/* Begin PBXFrameworksBuildPhase section */
		6F2650D727BA83D700B0F94F /* Frameworks */ = {
			isa = PBXFrameworksBuildPhase;
			buildActionMask = 2147483647;
			files = (
			);
			runOnlyForDeploymentPostprocessing = 0;
		};
		6F2650ED27BA83DC00B0F94F /* Frameworks */ = {
			isa = PBXFrameworksBuildPhase;
			buildActionMask = 2147483647;
			files = (
			);
			runOnlyForDeploymentPostprocessing = 0;
		};
		6F2650F727BA83DC00B0F94F /* Frameworks */ = {
			isa = PBXFrameworksBuildPhase;
			buildActionMask = 2147483647;
			files = (
			);
			runOnlyForDeploymentPostprocessing = 0;
		};
/* End PBXFrameworksBuildPhase section */

/* Begin PBXGroup section */
		6F2650D127BA83D700B0F94F = {
			isa = PBXGroup;
			children = (
				6F2650DC27BA83D700B0F94F /* PopOverPotato */,
				6F2650F327BA83DC00B0F94F /* PopOverPotatoTests */,
				6F2650FD27BA83DC00B0F94F /* PopOverPotatoUITests */,
				6F2650DB27BA83D700B0F94F /* Products */,
			);
			sourceTree = "<group>";
		};
		6F2650DB27BA83D700B0F94F /* Products */ = {
			isa = PBXGroup;
			children = (
				6F2650DA27BA83D700B0F94F /* PopOverPotato.app */,
				6F2650F027BA83DC00B0F94F /* PopOverPotatoTests.xctest */,
				6F2650FA27BA83DC00B0F94F /* PopOverPotatoUITests.xctest */,
			);
			name = Products;
			sourceTree = "<group>";
		};
		6F2650DC27BA83D700B0F94F /* PopOverPotato */ = {
			isa = PBXGroup;
			children = (
				6F2650DD27BA83D700B0F94F /* AppDelegate.swift */,
				6F2650DF27BA83D700B0F94F /* SceneDelegate.swift */,
				6F2650E127BA83D700B0F94F /* ViewController.swift */,
				6F26510D27BA847B00B0F94F /* PopOverViewController.swift */,
				6F2650E327BA83D700B0F94F /* Main.storyboard */,
				6F2650E627BA83DC00B0F94F /* Assets.xcassets */,
				6F2650E827BA83DC00B0F94F /* LaunchScreen.storyboard */,
				6F2650EB27BA83DC00B0F94F /* Info.plist */,
			);
			path = PopOverPotato;
			sourceTree = "<group>";
		};
		6F2650F327BA83DC00B0F94F /* PopOverPotatoTests */ = {
			isa = PBXGroup;
			children = (
				6F2650F427BA83DC00B0F94F /* PopOverPotatoTests.swift */,
			);
			path = PopOverPotatoTests;
			sourceTree = "<group>";
		};
		6F2650FD27BA83DC00B0F94F /* PopOverPotatoUITests */ = {
			isa = PBXGroup;
			children = (
				6F2650FE27BA83DC00B0F94F /* PopOverPotatoUITests.swift */,
				6F26510027BA83DC00B0F94F /* PopOverPotatoUITestsLaunchTests.swift */,
			);
			path = PopOverPotatoUITests;
			sourceTree = "<group>";
		};
/* End PBXGroup section */

/* Begin PBXNativeTarget section */
		6F2650D927BA83D700B0F94F /* PopOverPotato */ = {
			isa = PBXNativeTarget;
			buildConfigurationList = 6F26510427BA83DC00B0F94F /* Build configuration list for PBXNativeTarget "PopOverPotato" */;
			buildPhases = (
				6F2650D627BA83D700B0F94F /* Sources */,
				6F2650D727BA83D700B0F94F /* Frameworks */,
				6F2650D827BA83D700B0F94F /* Resources */,
			);
			buildRules = (
			);
			dependencies = (
			);
			name = PopOverPotato;
			productName = PopOverPotato;
			productReference = 6F2650DA27BA83D700B0F94F /* PopOverPotato.app */;
			productType = "com.apple.product-type.application";
		};
		6F2650EF27BA83DC00B0F94F /* PopOverPotatoTests */ = {
			isa = PBXNativeTarget;
			buildConfigurationList = 6F26510727BA83DC00B0F94F /* Build configuration list for PBXNativeTarget "PopOverPotatoTests" */;
			buildPhases = (
				6F2650EC27BA83DC00B0F94F /* Sources */,
				6F2650ED27BA83DC00B0F94F /* Frameworks */,
				6F2650EE27BA83DC00B0F94F /* Resources */,
			);
			buildRules = (
			);
			dependencies = (
				6F2650F227BA83DC00B0F94F /* PBXTargetDependency */,
			);
			name = PopOverPotatoTests;
			productName = PopOverPotatoTests;
			productReference = 6F2650F027BA83DC00B0F94F /* PopOverPotatoTests.xctest */;
			productType = "com.apple.product-type.bundle.unit-test";
		};
		6F2650F927BA83DC00B0F94F /* PopOverPotatoUITests */ = {
			isa = PBXNativeTarget;
			buildConfigurationList = 6F26510A27BA83DC00B0F94F /* Build configuration list for PBXNativeTarget "PopOverPotatoUITests" */;
			buildPhases = (
				6F2650F627BA83DC00B0F94F /* Sources */,
				6F2650F727BA83DC00B0F94F /* Frameworks */,
				6F2650F827BA83DC00B0F94F /* Resources */,
			);
			buildRules = (
			);
			dependencies = (
				6F2650FC27BA83DC00B0F94F /* PBXTargetDependency */,
			);
			name = PopOverPotatoUITests;
			productName = PopOverPotatoUITests;
			productReference = 6F2650FA27BA83DC00B0F94F /* PopOverPotatoUITests.xctest */;
			productType = "com.apple.product-type.bundle.ui-testing";
		};
/* End PBXNativeTarget section */

/* Begin PBXProject section */
		6F2650D227BA83D700B0F94F /* Project object */ = {
			isa = PBXProject;
			attributes = {
				BuildIndependentTargetsInParallel = 1;
				LastSwiftUpdateCheck = 1320;
				LastUpgradeCheck = 1320;
				TargetAttributes = {
					6F2650D927BA83D700B0F94F = {
						CreatedOnToolsVersion = 13.2.1;
					};
					6F2650EF27BA83DC00B0F94F = {
						CreatedOnToolsVersion = 13.2.1;
						TestTargetID = 6F2650D927BA83D700B0F94F;
					};
					6F2650F927BA83DC00B0F94F = {
						CreatedOnToolsVersion = 13.2.1;
						TestTargetID = 6F2650D927BA83D700B0F94F;
					};
				};
			};
			buildConfigurationList = 6F2650D527BA83D700B0F94F /* Build configuration list for PBXProject "PopOverPotato" */;
			compatibilityVersion = "Xcode 13.0";
			developmentRegion = en;
			hasScannedForEncodings = 0;
			knownRegions = (
				en,
				Base,
			);
			mainGroup = 6F2650D127BA83D700B0F94F;
			productRefGroup = 6F2650DB27BA83D700B0F94F /* Products */;
			projectDirPath = "";
			projectRoot = "";
			targets = (
				6F2650D927BA83D700B0F94F /* PopOverPotato */,
				6F2650EF27BA83DC00B0F94F /* PopOverPotatoTests */,
				6F2650F927BA83DC00B0F94F /* PopOverPotatoUITests */,
			);
		};
/* End PBXProject section */

/* Begin PBXResourcesBuildPhase section */
		6F2650D827BA83D700B0F94F /* Resources */ = {
			isa = PBXResourcesBuildPhase;
			buildActionMask = 2147483647;
			files = (
				6F2650EA27BA83DC00B0F94F /* LaunchScreen.storyboard in Resources */,
				6F2650E727BA83DC00B0F94F /* Assets.xcassets in Resources */,
				6F2650E527BA83D700B0F94F /* Main.storyboard in Resources */,
			);
			runOnlyForDeploymentPostprocessing = 0;
		};
		6F2650EE27BA83DC00B0F94F /* Resources */ = {
			isa = PBXResourcesBuildPhase;
			buildActionMask = 2147483647;
			files = (
			);
			runOnlyForDeploymentPostprocessing = 0;
		};
		6F2650F827BA83DC00B0F94F /* Resources */ = {
			isa = PBXResourcesBuildPhase;
			buildActionMask = 2147483647;
			files = (
			);
			runOnlyForDeploymentPostprocessing = 0;
		};
/* End PBXResourcesBuildPhase section */

/* Begin PBXSourcesBuildPhase section */
		6F2650D627BA83D700B0F94F /* Sources */ = {
			isa = PBXSourcesBuildPhase;
			buildActionMask = 2147483647;
			files = (
				6F26510E27BA847B00B0F94F /* PopOverViewController.swift in Sources */,
				6F2650E227BA83D700B0F94F /* ViewController.swift in Sources */,
				6F2650DE27BA83D700B0F94F /* AppDelegate.swift in Sources */,
				6F2650E027BA83D700B0F94F /* SceneDelegate.swift in Sources */,
			);
			runOnlyForDeploymentPostprocessing = 0;
		};
		6F2650EC27BA83DC00B0F94F /* Sources */ = {
			isa = PBXSourcesBuildPhase;
			buildActionMask = 2147483647;
			files = (
				6F2650F527BA83DC00B0F94F /* PopOverPotatoTests.swift in Sources */,
			);
			runOnlyForDeploymentPostprocessing = 0;
		};
		6F2650F627BA83DC00B0F94F /* Sources */ = {
			isa = PBXSourcesBuildPhase;
			buildActionMask = 2147483647;
			files = (
				6F2650FF27BA83DC00B0F94F /* PopOverPotatoUITests.swift in Sources */,
				6F26510127BA83DC00B0F94F /* PopOverPotatoUITestsLaunchTests.swift in Sources */,
			);
			runOnlyForDeploymentPostprocessing = 0;
		};
/* End PBXSourcesBuildPhase section */

/* Begin PBXTargetDependency section */
		6F2650F227BA83DC00B0F94F /* PBXTargetDependency */ = {
			isa = PBXTargetDependency;
			target = 6F2650D927BA83D700B0F94F /* PopOverPotato */;
			targetProxy = 6F2650F127BA83DC00B0F94F /* PBXContainerItemProxy */;
		};
		6F2650FC27BA83DC00B0F94F /* PBXTargetDependency */ = {
			isa = PBXTargetDependency;
			target = 6F2650D927BA83D700B0F94F /* PopOverPotato */;
			targetProxy = 6F2650FB27BA83DC00B0F94F /* PBXContainerItemProxy */;
		};
/* End PBXTargetDependency section */

/* Begin PBXVariantGroup section */
		6F2650E327BA83D700B0F94F /* Main.storyboard */ = {
			isa = PBXVariantGroup;
			children = (
				6F2650E427BA83D700B0F94F /* Base */,
			);
			name = Main.storyboard;
			sourceTree = "<group>";
		};
		6F2650E827BA83DC00B0F94F /* LaunchScreen.storyboard */ = {
			isa = PBXVariantGroup;
			children = (
				6F2650E927BA83DC00B0F94F /* Base */,
			);
			name = LaunchScreen.storyboard;
			sourceTree = "<group>";
		};
/* End PBXVariantGroup section */

/* Begin XCBuildConfiguration section */
		6F26510227BA83DC00B0F94F /* Debug */ = {
			isa = XCBuildConfiguration;
			buildSettings = {
				ALWAYS_SEARCH_USER_PATHS = NO;
				CLANG_ANALYZER_NONNULL = YES;
				CLANG_ANALYZER_NUMBER_OBJECT_CONVERSION = YES_AGGRESSIVE;
				CLANG_CXX_LANGUAGE_STANDARD = "gnu++17";
				CLANG_CXX_LIBRARY = "libc++";
				CLANG_ENABLE_MODULES = YES;
				CLANG_ENABLE_OBJC_ARC = YES;
				CLANG_ENABLE_OBJC_WEAK = YES;
				CLANG_WARN_BLOCK_CAPTURE_AUTORELEASING = YES;
				CLANG_WARN_BOOL_CONVERSION = YES;
				CLANG_WARN_COMMA = YES;
				CLANG_WARN_CONSTANT_CONVERSION = YES;
				CLANG_WARN_DEPRECATED_OBJC_IMPLEMENTATIONS = YES;
				CLANG_WARN_DIRECT_OBJC_ISA_USAGE = YES_ERROR;
				CLANG_WARN_DOCUMENTATION_COMMENTS = YES;
				CLANG_WARN_EMPTY_BODY = YES;
				CLANG_WARN_ENUM_CONVERSION = YES;
				CLANG_WARN_INFINITE_RECURSION = YES;
				CLANG_WARN_INT_CONVERSION = YES;
				CLANG_WARN_NON_LITERAL_NULL_CONVERSION = YES;
				CLANG_WARN_OBJC_IMPLICIT_RETAIN_SELF = YES;
				CLANG_WARN_OBJC_LITERAL_CONVERSION = YES;
				CLANG_WARN_OBJC_ROOT_CLASS = YES_ERROR;
				CLANG_WARN_QUOTED_INCLUDE_IN_FRAMEWORK_HEADER = YES;
				CLANG_WARN_RANGE_LOOP_ANALYSIS = YES;
				CLANG_WARN_STRICT_PROTOTYPES = YES;
				CLANG_WARN_SUSPICIOUS_MOVE = YES;
				CLANG_WARN_UNGUARDED_AVAILABILITY = YES_AGGRESSIVE;
				CLANG_WARN_UNREACHABLE_CODE = YES;
				CLANG_WARN__DUPLICATE_METHOD_MATCH = YES;
				COPY_PHASE_STRIP = NO;
				DEBUG_INFORMATION_FORMAT = dwarf;
				ENABLE_STRICT_OBJC_MSGSEND = YES;
				ENABLE_TESTABILITY = YES;
				GCC_C_LANGUAGE_STANDARD = gnu11;
				GCC_DYNAMIC_NO_PIC = NO;
				GCC_NO_COMMON_BLOCKS = YES;
				GCC_OPTIMIZATION_LEVEL = 0;
				GCC_PREPROCESSOR_DEFINITIONS = (
					"DEBUG=1",
					"$(inherited)",
				);
				GCC_WARN_64_TO_32_BIT_CONVERSION = YES;
				GCC_WARN_ABOUT_RETURN_TYPE = YES_ERROR;
				GCC_WARN_UNDECLARED_SELECTOR = YES;
				GCC_WARN_UNINITIALIZED_AUTOS = YES_AGGRESSIVE;
				GCC_WARN_UNUSED_FUNCTION = YES;
				GCC_WARN_UNUSED_VARIABLE = YES;
				IPHONEOS_DEPLOYMENT_TARGET = 15.2;
				MTL_ENABLE_DEBUG_INFO = INCLUDE_SOURCE;
				MTL_FAST_MATH = YES;
				ONLY_ACTIVE_ARCH = YES;
				SDKROOT = iphoneos;
				SWIFT_ACTIVE_COMPILATION_CONDITIONS = DEBUG;
				SWIFT_OPTIMIZATION_LEVEL = "-Onone";
			};
			name = Debug;
		};
		6F26510327BA83DC00B0F94F /* Release */ = {
			isa = XCBuildConfiguration;
			buildSettings = {
				ALWAYS_SEARCH_USER_PATHS = NO;
				CLANG_ANALYZER_NONNULL = YES;
				CLANG_ANALYZER_NUMBER_OBJECT_CONVERSION = YES_AGGRESSIVE;
				CLANG_CXX_LANGUAGE_STANDARD = "gnu++17";
				CLANG_CXX_LIBRARY = "libc++";
				CLANG_ENABLE_MODULES = YES;
				CLANG_ENABLE_OBJC_ARC = YES;
				CLANG_ENABLE_OBJC_WEAK = YES;
				CLANG_WARN_BLOCK_CAPTURE_AUTORELEASING = YES;
				CLANG_WARN_BOOL_CONVERSION = YES;
				CLANG_WARN_COMMA = YES;
				CLANG_WARN_CONSTANT_CONVERSION = YES;
				CLANG_WARN_DEPRECATED_OBJC_IMPLEMENTATIONS = YES;
				CLANG_WARN_DIRECT_OBJC_ISA_USAGE = YES_ERROR;
				CLANG_WARN_DOCUMENTATION_COMMENTS = YES;
				CLANG_WARN_EMPTY_BODY = YES;
				CLANG_WARN_ENUM_CONVERSION = YES;
				CLANG_WARN_INFINITE_RECURSION = YES;
				CLANG_WARN_INT_CONVERSION = YES;
				CLANG_WARN_NON_LITERAL_NULL_CONVERSION = YES;
				CLANG_WARN_OBJC_IMPLICIT_RETAIN_SELF = YES;
				CLANG_WARN_OBJC_LITERAL_CONVERSION = YES;
				CLANG_WARN_OBJC_ROOT_CLASS = YES_ERROR;
				CLANG_WARN_QUOTED_INCLUDE_IN_FRAMEWORK_HEADER = YES;
				CLANG_WARN_RANGE_LOOP_ANALYSIS = YES;
				CLANG_WARN_STRICT_PROTOTYPES = YES;
				CLANG_WARN_SUSPICIOUS_MOVE = YES;
				CLANG_WARN_UNGUARDED_AVAILABILITY = YES_AGGRESSIVE;
				CLANG_WARN_UNREACHABLE_CODE = YES;
				CLANG_WARN__DUPLICATE_METHOD_MATCH = YES;
				COPY_PHASE_STRIP = NO;
				DEBUG_INFORMATION_FORMAT = "dwarf-with-dsym";
				ENABLE_NS_ASSERTIONS = NO;
				ENABLE_STRICT_OBJC_MSGSEND = YES;
				GCC_C_LANGUAGE_STANDARD = gnu11;
				GCC_NO_COMMON_BLOCKS = YES;
				GCC_WARN_64_TO_32_BIT_CONVERSION = YES;
				GCC_WARN_ABOUT_RETURN_TYPE = YES_ERROR;
				GCC_WARN_UNDECLARED_SELECTOR = YES;
				GCC_WARN_UNINITIALIZED_AUTOS = YES_AGGRESSIVE;
				GCC_WARN_UNUSED_FUNCTION = YES;
				GCC_WARN_UNUSED_VARIABLE = YES;
				IPHONEOS_DEPLOYMENT_TARGET = 15.2;
				MTL_ENABLE_DEBUG_INFO = NO;
				MTL_FAST_MATH = YES;
				SDKROOT = iphoneos;
				SWIFT_COMPILATION_MODE = wholemodule;
				SWIFT_OPTIMIZATION_LEVEL = "-O";
				VALIDATE_PRODUCT = YES;
			};
			name = Release;
		};
		6F26510527BA83DC00B0F94F /* Debug */ = {
			isa = XCBuildConfiguration;
			buildSettings = {
				ASSETCATALOG_COMPILER_APPICON_NAME = AppIcon;
				ASSETCATALOG_COMPILER_GLOBAL_ACCENT_COLOR_NAME = AccentColor;
				CODE_SIGN_STYLE = Automatic;
				CURRENT_PROJECT_VERSION = 1;
				DEVELOPMENT_TEAM = UAY4HKY2PC;
				GENERATE_INFOPLIST_FILE = YES;
				INFOPLIST_FILE = PopOverPotato/Info.plist;
				INFOPLIST_KEY_UIApplicationSupportsIndirectInputEvents = YES;
				INFOPLIST_KEY_UILaunchStoryboardName = LaunchScreen;
				INFOPLIST_KEY_UIMainStoryboardFile = Main;
				INFOPLIST_KEY_UISupportedInterfaceOrientations_iPad = "UIInterfaceOrientationPortrait UIInterfaceOrientationPortraitUpsideDown UIInterfaceOrientationLandscapeLeft UIInterfaceOrientationLandscapeRight";
				INFOPLIST_KEY_UISupportedInterfaceOrientations_iPhone = "UIInterfaceOrientationPortrait UIInterfaceOrientationLandscapeLeft UIInterfaceOrientationLandscapeRight";
				LD_RUNPATH_SEARCH_PATHS = (
					"$(inherited)",
					"@executable_path/Frameworks",
				);
				MARKETING_VERSION = 1.0;
				PRODUCT_BUNDLE_IDENTIFIER = artie.PopOverPotato;
				PRODUCT_NAME = "$(TARGET_NAME)";
				SWIFT_EMIT_LOC_STRINGS = YES;
				SWIFT_VERSION = 5.0;
				TARGETED_DEVICE_FAMILY = "1,2";
			};
			name = Debug;
		};
		6F26510627BA83DC00B0F94F /* Release */ = {
			isa = XCBuildConfiguration;
			buildSettings = {
				ASSETCATALOG_COMPILER_APPICON_NAME = AppIcon;
				ASSETCATALOG_COMPILER_GLOBAL_ACCENT_COLOR_NAME = AccentColor;
				CODE_SIGN_STYLE = Automatic;
				CURRENT_PROJECT_VERSION = 1;
				DEVELOPMENT_TEAM = UAY4HKY2PC;
				GENERATE_INFOPLIST_FILE = YES;
				INFOPLIST_FILE = PopOverPotato/Info.plist;
				INFOPLIST_KEY_UIApplicationSupportsIndirectInputEvents = YES;
				INFOPLIST_KEY_UILaunchStoryboardName = LaunchScreen;
				INFOPLIST_KEY_UIMainStoryboardFile = Main;
				INFOPLIST_KEY_UISupportedInterfaceOrientations_iPad = "UIInterfaceOrientationPortrait UIInterfaceOrientationPortraitUpsideDown UIInterfaceOrientationLandscapeLeft UIInterfaceOrientationLandscapeRight";
				INFOPLIST_KEY_UISupportedInterfaceOrientations_iPhone = "UIInterfaceOrientationPortrait UIInterfaceOrientationLandscapeLeft UIInterfaceOrientationLandscapeRight";
				LD_RUNPATH_SEARCH_PATHS = (
					"$(inherited)",
					"@executable_path/Frameworks",
				);
				MARKETING_VERSION = 1.0;
				PRODUCT_BUNDLE_IDENTIFIER = artie.PopOverPotato;
				PRODUCT_NAME = "$(TARGET_NAME)";
				SWIFT_EMIT_LOC_STRINGS = YES;
				SWIFT_VERSION = 5.0;
				TARGETED_DEVICE_FAMILY = "1,2";
			};
			name = Release;
		};
		6F26510827BA83DC00B0F94F /* Debug */ = {
			isa = XCBuildConfiguration;
			buildSettings = {
				ALWAYS_EMBED_SWIFT_STANDARD_LIBRARIES = YES;
				BUNDLE_LOADER = "$(TEST_HOST)";
				CODE_SIGN_STYLE = Automatic;
				CURRENT_PROJECT_VERSION = 1;
				DEVELOPMENT_TEAM = UAY4HKY2PC;
				GENERATE_INFOPLIST_FILE = YES;
				IPHONEOS_DEPLOYMENT_TARGET = 15.2;
				MARKETING_VERSION = 1.0;
				PRODUCT_BUNDLE_IDENTIFIER = artie.PopOverPotatoTests;
				PRODUCT_NAME = "$(TARGET_NAME)";
				SWIFT_EMIT_LOC_STRINGS = NO;
				SWIFT_VERSION = 5.0;
				TARGETED_DEVICE_FAMILY = "1,2";
				TEST_HOST = "$(BUILT_PRODUCTS_DIR)/PopOverPotato.app/PopOverPotato";
			};
			name = Debug;
		};
		6F26510927BA83DC00B0F94F /* Release */ = {
			isa = XCBuildConfiguration;
			buildSettings = {
				ALWAYS_EMBED_SWIFT_STANDARD_LIBRARIES = YES;
				BUNDLE_LOADER = "$(TEST_HOST)";
				CODE_SIGN_STYLE = Automatic;
				CURRENT_PROJECT_VERSION = 1;
				DEVELOPMENT_TEAM = UAY4HKY2PC;
				GENERATE_INFOPLIST_FILE = YES;
				IPHONEOS_DEPLOYMENT_TARGET = 15.2;
				MARKETING_VERSION = 1.0;
				PRODUCT_BUNDLE_IDENTIFIER = artie.PopOverPotatoTests;
				PRODUCT_NAME = "$(TARGET_NAME)";
				SWIFT_EMIT_LOC_STRINGS = NO;
				SWIFT_VERSION = 5.0;
				TARGETED_DEVICE_FAMILY = "1,2";
				TEST_HOST = "$(BUILT_PRODUCTS_DIR)/PopOverPotato.app/PopOverPotato";
			};
			name = Release;
		};
		6F26510B27BA83DC00B0F94F /* Debug */ = {
			isa = XCBuildConfiguration;
			buildSettings = {
				ALWAYS_EMBED_SWIFT_STANDARD_LIBRARIES = YES;
				CODE_SIGN_STYLE = Automatic;
				CURRENT_PROJECT_VERSION = 1;
				DEVELOPMENT_TEAM = UAY4HKY2PC;
				GENERATE_INFOPLIST_FILE = YES;
				MARKETING_VERSION = 1.0;
				PRODUCT_BUNDLE_IDENTIFIER = artie.PopOverPotatoUITests;
				PRODUCT_NAME = "$(TARGET_NAME)";
				SWIFT_EMIT_LOC_STRINGS = NO;
				SWIFT_VERSION = 5.0;
				TARGETED_DEVICE_FAMILY = "1,2";
				TEST_TARGET_NAME = PopOverPotato;
			};
			name = Debug;
		};
		6F26510C27BA83DC00B0F94F /* Release */ = {
			isa = XCBuildConfiguration;
			buildSettings = {
				ALWAYS_EMBED_SWIFT_STANDARD_LIBRARIES = YES;
				CODE_SIGN_STYLE = Automatic;
				CURRENT_PROJECT_VERSION = 1;
				DEVELOPMENT_TEAM = UAY4HKY2PC;
				GENERATE_INFOPLIST_FILE = YES;
				MARKETING_VERSION = 1.0;
				PRODUCT_BUNDLE_IDENTIFIER = artie.PopOverPotatoUITests;
				PRODUCT_NAME = "$(TARGET_NAME)";
				SWIFT_EMIT_LOC_STRINGS = NO;
				SWIFT_VERSION = 5.0;
				TARGETED_DEVICE_FAMILY = "1,2";
				TEST_TARGET_NAME = PopOverPotato;
			};
			name = Release;
		};
/* End XCBuildConfiguration section */

/* Begin XCConfigurationList section */
		6F2650D527BA83D700B0F94F /* Build configuration list for PBXProject "PopOverPotato" */ = {
			isa = XCConfigurationList;
			buildConfigurations = (
				6F26510227BA83DC00B0F94F /* Debug */,
				6F26510327BA83DC00B0F94F /* Release */,
			);
			defaultConfigurationIsVisible = 0;
			defaultConfigurationName = Release;
		};
		6F26510427BA83DC00B0F94F /* Build configuration list for PBXNativeTarget "PopOverPotato" */ = {
			isa = XCConfigurationList;
			buildConfigurations = (
				6F26510527BA83DC00B0F94F /* Debug */,
				6F26510627BA83DC00B0F94F /* Release */,
			);
			defaultConfigurationIsVisible = 0;
			defaultConfigurationName = Release;
		};
		6F26510727BA83DC00B0F94F /* Build configuration list for PBXNativeTarget "PopOverPotatoTests" */ = {
			isa = XCConfigurationList;
			buildConfigurations = (
				6F26510827BA83DC00B0F94F /* Debug */,
				6F26510927BA83DC00B0F94F /* Release */,
			);
			defaultConfigurationIsVisible = 0;
			defaultConfigurationName = Release;
		};
		6F26510A27BA83DC00B0F94F /* Build configuration list for PBXNativeTarget "PopOverPotatoUITests" */ = {
			isa = XCConfigurationList;
			buildConfigurations = (
				6F26510B27BA83DC00B0F94F /* Debug */,
				6F26510C27BA83DC00B0F94F /* Release */,
			);
			defaultConfigurationIsVisible = 0;
			defaultConfigurationName = Release;
		};
/* End XCConfigurationList section */
	};
	rootObject = 6F2650D227BA83D700B0F94F /* Project object */;
}
