// !$*UTF8*$!
{
	archiveVersion = 1;
	classes = {
	};
	objectVersion = 55;
	objects = {

/* Begin PBXBuildFile section */
		6F87401B27AC14AB0032EF7C /* AppDelegate.swift in Sources */ = {isa = PBXBuildFile; fileRef = 6F87401A27AC14AB0032EF7C /* AppDelegate.swift */; };
		6F87401D27AC14AB0032EF7C /* SceneDelegate.swift in Sources */ = {isa = PBXBuildFile; fileRef = 6F87401C27AC14AB0032EF7C /* SceneDelegate.swift */; };
		6F87401F27AC14AB0032EF7C /* ViewController.swift in Sources */ = {isa = PBXBuildFile; fileRef = 6F87401E27AC14AB0032EF7C /* ViewController.swift */; };
		6F87402227AC14AB0032EF7C /* Main.storyboard in Resources */ = {isa = PBXBuildFile; fileRef = 6F87402027AC14AB0032EF7C /* Main.storyboard */; };
		6F87402427AC14AD0032EF7C /* Assets.xcassets in Resources */ = {isa = PBXBuildFile; fileRef = 6F87402327AC14AD0032EF7C /* Assets.xcassets */; };
		6F87402727AC14AD0032EF7C /* LaunchScreen.storyboard in Resources */ = {isa = PBXBuildFile; fileRef = 6F87402527AC14AD0032EF7C /* LaunchScreen.storyboard */; };
		6F87402F27AC1CAB0032EF7C /* HomeViewController.swift in Sources */ = {isa = PBXBuildFile; fileRef = 6F87402E27AC1CAB0032EF7C /* HomeViewController.swift */; };
		6F87403427AC1F7A0032EF7C /* Common.swift in Sources */ = {isa = PBXBuildFile; fileRef = 6F87403327AC1F7A0032EF7C /* Common.swift */; };
		6F87403627AC20A20032EF7C /* SnapKitViewController.swift in Sources */ = {isa = PBXBuildFile; fileRef = 6F87403527AC20A20032EF7C /* SnapKitViewController.swift */; };
		6F87403827AC20E00032EF7C /* PinNumberView.swift in Sources */ = {isa = PBXBuildFile; fileRef = 6F87403727AC20E00032EF7C /* PinNumberView.swift */; };
		ABD817B74356A7F900D64F2F /* Pods_KeyboardHeightPotato.framework in Frameworks */ = {isa = PBXBuildFile; fileRef = 08BCBC9670D2A29B55592C6B /* Pods_KeyboardHeightPotato.framework */; };
/* End PBXBuildFile section */

/* Begin PBXFileReference section */
		08BCBC9670D2A29B55592C6B /* Pods_KeyboardHeightPotato.framework */ = {isa = PBXFileReference; explicitFileType = wrapper.framework; includeInIndex = 0; path = Pods_KeyboardHeightPotato.framework; sourceTree = BUILT_PRODUCTS_DIR; };
		6F87401727AC14AB0032EF7C /* KeyboardHeightPotato.app */ = {isa = PBXFileReference; explicitFileType = wrapper.application; includeInIndex = 0; path = KeyboardHeightPotato.app; sourceTree = BUILT_PRODUCTS_DIR; };
		6F87401A27AC14AB0032EF7C /* AppDelegate.swift */ = {isa = PBXFileReference; lastKnownFileType = sourcecode.swift; path = AppDelegate.swift; sourceTree = "<group>"; };
		6F87401C27AC14AB0032EF7C /* SceneDelegate.swift */ = {isa = PBXFileReference; lastKnownFileType = sourcecode.swift; path = SceneDelegate.swift; sourceTree = "<group>"; };
		6F87401E27AC14AB0032EF7C /* ViewController.swift */ = {isa = PBXFileReference; lastKnownFileType = sourcecode.swift; path = ViewController.swift; sourceTree = "<group>"; };
		6F87402127AC14AB0032EF7C /* Base */ = {isa = PBXFileReference; lastKnownFileType = file.storyboard; name = Base; path = Base.lproj/Main.storyboard; sourceTree = "<group>"; };
		6F87402327AC14AD0032EF7C /* Assets.xcassets */ = {isa = PBXFileReference; lastKnownFileType = folder.assetcatalog; path = Assets.xcassets; sourceTree = "<group>"; };
		6F87402627AC14AD0032EF7C /* Base */ = {isa = PBXFileReference; lastKnownFileType = file.storyboard; name = Base; path = Base.lproj/LaunchScreen.storyboard; sourceTree = "<group>"; };
		6F87402827AC14AD0032EF7C /* Info.plist */ = {isa = PBXFileReference; lastKnownFileType = text.plist.xml; path = Info.plist; sourceTree = "<group>"; };
		6F87402E27AC1CAB0032EF7C /* HomeViewController.swift */ = {isa = PBXFileReference; lastKnownFileType = sourcecode.swift; path = HomeViewController.swift; sourceTree = "<group>"; };
		6F87403327AC1F7A0032EF7C /* Common.swift */ = {isa = PBXFileReference; lastKnownFileType = sourcecode.swift; path = Common.swift; sourceTree = "<group>"; };
		6F87403527AC20A20032EF7C /* SnapKitViewController.swift */ = {isa = PBXFileReference; lastKnownFileType = sourcecode.swift; path = SnapKitViewController.swift; sourceTree = "<group>"; };
		6F87403727AC20E00032EF7C /* PinNumberView.swift */ = {isa = PBXFileReference; lastKnownFileType = sourcecode.swift; path = PinNumberView.swift; sourceTree = "<group>"; };
		BB3B489A9680279FFD178434 /* Pods-KeyboardHeightPotato.release.xcconfig */ = {isa = PBXFileReference; includeInIndex = 1; lastKnownFileType = text.xcconfig; name = "Pods-KeyboardHeightPotato.release.xcconfig"; path = "Target Support Files/Pods-KeyboardHeightPotato/Pods-KeyboardHeightPotato.release.xcconfig"; sourceTree = "<group>"; };
		BEEB527EEFD979C533C11308 /* Pods-KeyboardHeightPotato.debug.xcconfig */ = {isa = PBXFileReference; includeInIndex = 1; lastKnownFileType = text.xcconfig; name = "Pods-KeyboardHeightPotato.debug.xcconfig"; path = "Target Support Files/Pods-KeyboardHeightPotato/Pods-KeyboardHeightPotato.debug.xcconfig"; sourceTree = "<group>"; };
/* End PBXFileReference section */

/* Begin PBXFrameworksBuildPhase section */
		6F87401427AC14AB0032EF7C /* Frameworks */ = {
			isa = PBXFrameworksBuildPhase;
			buildActionMask = 2147483647;
			files = (
				ABD817B74356A7F900D64F2F /* Pods_KeyboardHeightPotato.framework in Frameworks */,
			);
			runOnlyForDeploymentPostprocessing = 0;
		};
/* End PBXFrameworksBuildPhase section */

/* Begin PBXGroup section */
		33A06119364B25AFEBB532A5 /* Frameworks */ = {
			isa = PBXGroup;
			children = (
				08BCBC9670D2A29B55592C6B /* Pods_KeyboardHeightPotato.framework */,
			);
			name = Frameworks;
			sourceTree = "<group>";
		};
		6F87400E27AC14AB0032EF7C = {
			isa = PBXGroup;
			children = (
				6F87401927AC14AB0032EF7C /* KeyboardHeightPotato */,
				6F87401827AC14AB0032EF7C /* Products */,
				8AA5060E1A8928646C140625 /* Pods */,
				33A06119364B25AFEBB532A5 /* Frameworks */,
			);
			sourceTree = "<group>";
		};
		6F87401827AC14AB0032EF7C /* Products */ = {
			isa = PBXGroup;
			children = (
				6F87401727AC14AB0032EF7C /* KeyboardHeightPotato.app */,
			);
			name = Products;
			sourceTree = "<group>";
		};
		6F87401927AC14AB0032EF7C /* KeyboardHeightPotato */ = {
			isa = PBXGroup;
			children = (
				6F87403227AC1E930032EF7C /* SnapKit+RxSwift */,
				6F87403027AC1E5F0032EF7C /* UIKit+Swift */,
				6F87401A27AC14AB0032EF7C /* AppDelegate.swift */,
				6F87401C27AC14AB0032EF7C /* SceneDelegate.swift */,
				6F87403327AC1F7A0032EF7C /* Common.swift */,
				6F87402E27AC1CAB0032EF7C /* HomeViewController.swift */,
				6F87402027AC14AB0032EF7C /* Main.storyboard */,
				6F87402327AC14AD0032EF7C /* Assets.xcassets */,
				6F87402527AC14AD0032EF7C /* LaunchScreen.storyboard */,
				6F87402827AC14AD0032EF7C /* Info.plist */,
			);
			path = KeyboardHeightPotato;
			sourceTree = "<group>";
		};
		6F87403027AC1E5F0032EF7C /* UIKit+Swift */ = {
			isa = PBXGroup;
			children = (
				6F87401E27AC14AB0032EF7C /* ViewController.swift */,
			);
			path = "UIKit+Swift";
			sourceTree = "<group>";
		};
		6F87403227AC1E930032EF7C /* SnapKit+RxSwift */ = {
			isa = PBXGroup;
			children = (
				6F87403527AC20A20032EF7C /* SnapKitViewController.swift */,
				6F87403727AC20E00032EF7C /* PinNumberView.swift */,
			);
			path = "SnapKit+RxSwift";
			sourceTree = "<group>";
		};
		8AA5060E1A8928646C140625 /* Pods */ = {
			isa = PBXGroup;
			children = (
				BEEB527EEFD979C533C11308 /* Pods-KeyboardHeightPotato.debug.xcconfig */,
				BB3B489A9680279FFD178434 /* Pods-KeyboardHeightPotato.release.xcconfig */,
			);
			path = Pods;
			sourceTree = "<group>";
		};
/* End PBXGroup section */

/* Begin PBXNativeTarget section */
		6F87401627AC14AB0032EF7C /* KeyboardHeightPotato */ = {
			isa = PBXNativeTarget;
			buildConfigurationList = 6F87402B27AC14AD0032EF7C /* Build configuration list for PBXNativeTarget "KeyboardHeightPotato" */;
			buildPhases = (
				7407E6176353D83B2848F1E3 /* [CP] Check Pods Manifest.lock */,
				6F87401327AC14AB0032EF7C /* Sources */,
				6F87401427AC14AB0032EF7C /* Frameworks */,
				6F87401527AC14AB0032EF7C /* Resources */,
				C9A9BECFB3812A12A89ED35A /* [CP] Embed Pods Frameworks */,
			);
			buildRules = (
			);
			dependencies = (
			);
			name = KeyboardHeightPotato;
			productName = KeyboardHeightPotato;
			productReference = 6F87401727AC14AB0032EF7C /* KeyboardHeightPotato.app */;
			productType = "com.apple.product-type.application";
		};
/* End PBXNativeTarget section */

/* Begin PBXProject section */
		6F87400F27AC14AB0032EF7C /* Project object */ = {
			isa = PBXProject;
			attributes = {
				BuildIndependentTargetsInParallel = 1;
				LastSwiftUpdateCheck = 1310;
				LastUpgradeCheck = 1310;
				TargetAttributes = {
					6F87401627AC14AB0032EF7C = {
						CreatedOnToolsVersion = 13.1;
					};
				};
			};
			buildConfigurationList = 6F87401227AC14AB0032EF7C /* Build configuration list for PBXProject "KeyboardHeightPotato" */;
			compatibilityVersion = "Xcode 13.0";
			developmentRegion = en;
			hasScannedForEncodings = 0;
			knownRegions = (
				en,
				Base,
			);
			mainGroup = 6F87400E27AC14AB0032EF7C;
			productRefGroup = 6F87401827AC14AB0032EF7C /* Products */;
			projectDirPath = "";
			projectRoot = "";
			targets = (
				6F87401627AC14AB0032EF7C /* KeyboardHeightPotato */,
			);
		};
/* End PBXProject section */

/* Begin PBXResourcesBuildPhase section */
		6F87401527AC14AB0032EF7C /* Resources */ = {
			isa = PBXResourcesBuildPhase;
			buildActionMask = 2147483647;
			files = (
				6F87402727AC14AD0032EF7C /* LaunchScreen.storyboard in Resources */,
				6F87402427AC14AD0032EF7C /* Assets.xcassets in Resources */,
				6F87402227AC14AB0032EF7C /* Main.storyboard in Resources */,
			);
			runOnlyForDeploymentPostprocessing = 0;
		};
/* End PBXResourcesBuildPhase section */

/* Begin PBXShellScriptBuildPhase section */
		7407E6176353D83B2848F1E3 /* [CP] Check Pods Manifest.lock */ = {
			isa = PBXShellScriptBuildPhase;
			buildActionMask = 2147483647;
			files = (
			);
			inputFileListPaths = (
			);
			inputPaths = (
				"${PODS_PODFILE_DIR_PATH}/Podfile.lock",
				"${PODS_ROOT}/Manifest.lock",
			);
			name = "[CP] Check Pods Manifest.lock";
			outputFileListPaths = (
			);
			outputPaths = (
				"$(DERIVED_FILE_DIR)/Pods-KeyboardHeightPotato-checkManifestLockResult.txt",
			);
			runOnlyForDeploymentPostprocessing = 0;
			shellPath = /bin/sh;
			shellScript = "diff \"${PODS_PODFILE_DIR_PATH}/Podfile.lock\" \"${PODS_ROOT}/Manifest.lock\" > /dev/null\nif [ $? != 0 ] ; then\n    # print error to STDERR\n    echo \"error: The sandbox is not in sync with the Podfile.lock. Run 'pod install' or update your CocoaPods installation.\" >&2\n    exit 1\nfi\n# This output is used by Xcode 'outputs' to avoid re-running this script phase.\necho \"SUCCESS\" > \"${SCRIPT_OUTPUT_FILE_0}\"\n";
			showEnvVarsInLog = 0;
		};
		C9A9BECFB3812A12A89ED35A /* [CP] Embed Pods Frameworks */ = {
			isa = PBXShellScriptBuildPhase;
			buildActionMask = 2147483647;
			files = (
			);
			inputFileListPaths = (
				"${PODS_ROOT}/Target Support Files/Pods-KeyboardHeightPotato/Pods-KeyboardHeightPotato-frameworks-${CONFIGURATION}-input-files.xcfilelist",
			);
			name = "[CP] Embed Pods Frameworks";
			outputFileListPaths = (
				"${PODS_ROOT}/Target Support Files/Pods-KeyboardHeightPotato/Pods-KeyboardHeightPotato-frameworks-${CONFIGURATION}-output-files.xcfilelist",
			);
			runOnlyForDeploymentPostprocessing = 0;
			shellPath = /bin/sh;
			shellScript = "\"${PODS_ROOT}/Target Support Files/Pods-KeyboardHeightPotato/Pods-KeyboardHeightPotato-frameworks.sh\"\n";
			showEnvVarsInLog = 0;
		};
/* End PBXShellScriptBuildPhase section */

/* Begin PBXSourcesBuildPhase section */
		6F87401327AC14AB0032EF7C /* Sources */ = {
			isa = PBXSourcesBuildPhase;
			buildActionMask = 2147483647;
			files = (
				6F87401F27AC14AB0032EF7C /* ViewController.swift in Sources */,
				6F87402F27AC1CAB0032EF7C /* HomeViewController.swift in Sources */,
				6F87401B27AC14AB0032EF7C /* AppDelegate.swift in Sources */,
				6F87403627AC20A20032EF7C /* SnapKitViewController.swift in Sources */,
				6F87403827AC20E00032EF7C /* PinNumberView.swift in Sources */,
				6F87403427AC1F7A0032EF7C /* Common.swift in Sources */,
				6F87401D27AC14AB0032EF7C /* SceneDelegate.swift in Sources */,
			);
			runOnlyForDeploymentPostprocessing = 0;
		};
/* End PBXSourcesBuildPhase section */

/* Begin PBXVariantGroup section */
		6F87402027AC14AB0032EF7C /* Main.storyboard */ = {
			isa = PBXVariantGroup;
			children = (
				6F87402127AC14AB0032EF7C /* Base */,
			);
			name = Main.storyboard;
			sourceTree = "<group>";
		};
		6F87402527AC14AD0032EF7C /* LaunchScreen.storyboard */ = {
			isa = PBXVariantGroup;
			children = (
				6F87402627AC14AD0032EF7C /* Base */,
			);
			name = LaunchScreen.storyboard;
			sourceTree = "<group>";
		};
/* End PBXVariantGroup section */

/* Begin XCBuildConfiguration section */
		6F87402927AC14AD0032EF7C /* Debug */ = {
			isa = XCBuildConfiguration;
			buildSettings = {
				ALWAYS_SEARCH_USER_PATHS = NO;
				CLANG_ANALYZER_NONNULL = YES;
				CLANG_ANALYZER_NUMBER_OBJECT_CONVERSION = YES_AGGRESSIVE;
				CLANG_CXX_LANGUAGE_STANDARD = "gnu++17";
				CLANG_CXX_LIBRARY = "libc++";
				CLANG_ENABLE_MODULES = YES;
				CLANG_ENABLE_OBJC_ARC = YES;
				CLANG_ENABLE_OBJC_WEAK = YES;
				CLANG_WARN_BLOCK_CAPTURE_AUTORELEASING = YES;
				CLANG_WARN_BOOL_CONVERSION = YES;
				CLANG_WARN_COMMA = YES;
				CLANG_WARN_CONSTANT_CONVERSION = YES;
				CLANG_WARN_DEPRECATED_OBJC_IMPLEMENTATIONS = YES;
				CLANG_WARN_DIRECT_OBJC_ISA_USAGE = YES_ERROR;
				CLANG_WARN_DOCUMENTATION_COMMENTS = YES;
				CLANG_WARN_EMPTY_BODY = YES;
				CLANG_WARN_ENUM_CONVERSION = YES;
				CLANG_WARN_INFINITE_RECURSION = YES;
				CLANG_WARN_INT_CONVERSION = YES;
				CLANG_WARN_NON_LITERAL_NULL_CONVERSION = YES;
				CLANG_WARN_OBJC_IMPLICIT_RETAIN_SELF = YES;
				CLANG_WARN_OBJC_LITERAL_CONVERSION = YES;
				CLANG_WARN_OBJC_ROOT_CLASS = YES_ERROR;
				CLANG_WARN_QUOTED_INCLUDE_IN_FRAMEWORK_HEADER = YES;
				CLANG_WARN_RANGE_LOOP_ANALYSIS = YES;
				CLANG_WARN_STRICT_PROTOTYPES = YES;
				CLANG_WARN_SUSPICIOUS_MOVE = YES;
				CLANG_WARN_UNGUARDED_AVAILABILITY = YES_AGGRESSIVE;
				CLANG_WARN_UNREACHABLE_CODE = YES;
				CLANG_WARN__DUPLICATE_METHOD_MATCH = YES;
				COPY_PHASE_STRIP = NO;
				DEBUG_INFORMATION_FORMAT = dwarf;
				ENABLE_STRICT_OBJC_MSGSEND = YES;
				ENABLE_TESTABILITY = YES;
				GCC_C_LANGUAGE_STANDARD = gnu11;
				GCC_DYNAMIC_NO_PIC = NO;
				GCC_NO_COMMON_BLOCKS = YES;
				GCC_OPTIMIZATION_LEVEL = 0;
				GCC_PREPROCESSOR_DEFINITIONS = (
					"DEBUG=1",
					"$(inherited)",
				);
				GCC_WARN_64_TO_32_BIT_CONVERSION = YES;
				GCC_WARN_ABOUT_RETURN_TYPE = YES_ERROR;
				GCC_WARN_UNDECLARED_SELECTOR = YES;
				GCC_WARN_UNINITIALIZED_AUTOS = YES_AGGRESSIVE;
				GCC_WARN_UNUSED_FUNCTION = YES;
				GCC_WARN_UNUSED_VARIABLE = YES;
				IPHONEOS_DEPLOYMENT_TARGET = 15.0;
				MTL_ENABLE_DEBUG_INFO = INCLUDE_SOURCE;
				MTL_FAST_MATH = YES;
				ONLY_ACTIVE_ARCH = YES;
				SDKROOT = iphoneos;
				SWIFT_ACTIVE_COMPILATION_CONDITIONS = DEBUG;
				SWIFT_OPTIMIZATION_LEVEL = "-Onone";
			};
			name = Debug;
		};
		6F87402A27AC14AD0032EF7C /* Release */ = {
			isa = XCBuildConfiguration;
			buildSettings = {
				ALWAYS_SEARCH_USER_PATHS = NO;
				CLANG_ANALYZER_NONNULL = YES;
				CLANG_ANALYZER_NUMBER_OBJECT_CONVERSION = YES_AGGRESSIVE;
				CLANG_CXX_LANGUAGE_STANDARD = "gnu++17";
				CLANG_CXX_LIBRARY = "libc++";
				CLANG_ENABLE_MODULES = YES;
				CLANG_ENABLE_OBJC_ARC = YES;
				CLANG_ENABLE_OBJC_WEAK = YES;
				CLANG_WARN_BLOCK_CAPTURE_AUTORELEASING = YES;
				CLANG_WARN_BOOL_CONVERSION = YES;
				CLANG_WARN_COMMA = YES;
				CLANG_WARN_CONSTANT_CONVERSION = YES;
				CLANG_WARN_DEPRECATED_OBJC_IMPLEMENTATIONS = YES;
				CLANG_WARN_DIRECT_OBJC_ISA_USAGE = YES_ERROR;
				CLANG_WARN_DOCUMENTATION_COMMENTS = YES;
				CLANG_WARN_EMPTY_BODY = YES;
				CLANG_WARN_ENUM_CONVERSION = YES;
				CLANG_WARN_INFINITE_RECURSION = YES;
				CLANG_WARN_INT_CONVERSION = YES;
				CLANG_WARN_NON_LITERAL_NULL_CONVERSION = YES;
				CLANG_WARN_OBJC_IMPLICIT_RETAIN_SELF = YES;
				CLANG_WARN_OBJC_LITERAL_CONVERSION = YES;
				CLANG_WARN_OBJC_ROOT_CLASS = YES_ERROR;
				CLANG_WARN_QUOTED_INCLUDE_IN_FRAMEWORK_HEADER = YES;
				CLANG_WARN_RANGE_LOOP_ANALYSIS = YES;
				CLANG_WARN_STRICT_PROTOTYPES = YES;
				CLANG_WARN_SUSPICIOUS_MOVE = YES;
				CLANG_WARN_UNGUARDED_AVAILABILITY = YES_AGGRESSIVE;
				CLANG_WARN_UNREACHABLE_CODE = YES;
				CLANG_WARN__DUPLICATE_METHOD_MATCH = YES;
				COPY_PHASE_STRIP = NO;
				DEBUG_INFORMATION_FORMAT = "dwarf-with-dsym";
				ENABLE_NS_ASSERTIONS = NO;
				ENABLE_STRICT_OBJC_MSGSEND = YES;
				GCC_C_LANGUAGE_STANDARD = gnu11;
				GCC_NO_COMMON_BLOCKS = YES;
				GCC_WARN_64_TO_32_BIT_CONVERSION = YES;
				GCC_WARN_ABOUT_RETURN_TYPE = YES_ERROR;
				GCC_WARN_UNDECLARED_SELECTOR = YES;
				GCC_WARN_UNINITIALIZED_AUTOS = YES_AGGRESSIVE;
				GCC_WARN_UNUSED_FUNCTION = YES;
				GCC_WARN_UNUSED_VARIABLE = YES;
				IPHONEOS_DEPLOYMENT_TARGET = 15.0;
				MTL_ENABLE_DEBUG_INFO = NO;
				MTL_FAST_MATH = YES;
				SDKROOT = iphoneos;
				SWIFT_COMPILATION_MODE = wholemodule;
				SWIFT_OPTIMIZATION_LEVEL = "-O";
				VALIDATE_PRODUCT = YES;
			};
			name = Release;
		};
		6F87402C27AC14AD0032EF7C /* Debug */ = {
			isa = XCBuildConfiguration;
			baseConfigurationReference = BEEB527EEFD979C533C11308 /* Pods-KeyboardHeightPotato.debug.xcconfig */;
			buildSettings = {
				ASSETCATALOG_COMPILER_APPICON_NAME = AppIcon;
				ASSETCATALOG_COMPILER_GLOBAL_ACCENT_COLOR_NAME = AccentColor;
				CODE_SIGN_STYLE = Automatic;
				CURRENT_PROJECT_VERSION = 1;
				DEVELOPMENT_TEAM = XNYSNCPR8R;
				GENERATE_INFOPLIST_FILE = YES;
				INFOPLIST_FILE = KeyboardHeightPotato/Info.plist;
				INFOPLIST_KEY_UIApplicationSupportsIndirectInputEvents = YES;
				INFOPLIST_KEY_UILaunchStoryboardName = LaunchScreen;
				INFOPLIST_KEY_UIMainStoryboardFile = Main;
				INFOPLIST_KEY_UISupportedInterfaceOrientations_iPad = "UIInterfaceOrientationPortrait UIInterfaceOrientationPortraitUpsideDown UIInterfaceOrientationLandscapeLeft UIInterfaceOrientationLandscapeRight";
				INFOPLIST_KEY_UISupportedInterfaceOrientations_iPhone = "UIInterfaceOrientationPortrait UIInterfaceOrientationLandscapeLeft UIInterfaceOrientationLandscapeRight";
				LD_RUNPATH_SEARCH_PATHS = (
					"$(inherited)",
					"@executable_path/Frameworks",
				);
				MARKETING_VERSION = 1.0;
				PRODUCT_BUNDLE_IDENTIFIER = artie.KeyboardHeightPotato;
				PRODUCT_NAME = "$(TARGET_NAME)";
				SWIFT_EMIT_LOC_STRINGS = YES;
				SWIFT_VERSION = 5.0;
				TARGETED_DEVICE_FAMILY = "1,2";
			};
			name = Debug;
		};
		6F87402D27AC14AD0032EF7C /* Release */ = {
			isa = XCBuildConfiguration;
			baseConfigurationReference = BB3B489A9680279FFD178434 /* Pods-KeyboardHeightPotato.release.xcconfig */;
			buildSettings = {
				ASSETCATALOG_COMPILER_APPICON_NAME = AppIcon;
				ASSETCATALOG_COMPILER_GLOBAL_ACCENT_COLOR_NAME = AccentColor;
				CODE_SIGN_STYLE = Automatic;
				CURRENT_PROJECT_VERSION = 1;
				DEVELOPMENT_TEAM = XNYSNCPR8R;
				GENERATE_INFOPLIST_FILE = YES;
				INFOPLIST_FILE = KeyboardHeightPotato/Info.plist;
				INFOPLIST_KEY_UIApplicationSupportsIndirectInputEvents = YES;
				INFOPLIST_KEY_UILaunchStoryboardName = LaunchScreen;
				INFOPLIST_KEY_UIMainStoryboardFile = Main;
				INFOPLIST_KEY_UISupportedInterfaceOrientations_iPad = "UIInterfaceOrientationPortrait UIInterfaceOrientationPortraitUpsideDown UIInterfaceOrientationLandscapeLeft UIInterfaceOrientationLandscapeRight";
				INFOPLIST_KEY_UISupportedInterfaceOrientations_iPhone = "UIInterfaceOrientationPortrait UIInterfaceOrientationLandscapeLeft UIInterfaceOrientationLandscapeRight";
				LD_RUNPATH_SEARCH_PATHS = (
					"$(inherited)",
					"@executable_path/Frameworks",
				);
				MARKETING_VERSION = 1.0;
				PRODUCT_BUNDLE_IDENTIFIER = artie.KeyboardHeightPotato;
				PRODUCT_NAME = "$(TARGET_NAME)";
				SWIFT_EMIT_LOC_STRINGS = YES;
				SWIFT_VERSION = 5.0;
				TARGETED_DEVICE_FAMILY = "1,2";
			};
			name = Release;
		};
/* End XCBuildConfiguration section */

/* Begin XCConfigurationList section */
		6F87401227AC14AB0032EF7C /* Build configuration list for PBXProject "KeyboardHeightPotato" */ = {
			isa = XCConfigurationList;
			buildConfigurations = (
				6F87402927AC14AD0032EF7C /* Debug */,
				6F87402A27AC14AD0032EF7C /* Release */,
			);
			defaultConfigurationIsVisible = 0;
			defaultConfigurationName = Release;
		};
		6F87402B27AC14AD0032EF7C /* Build configuration list for PBXNativeTarget "KeyboardHeightPotato" */ = {
			isa = XCConfigurationList;
			buildConfigurations = (
				6F87402C27AC14AD0032EF7C /* Debug */,
				6F87402D27AC14AD0032EF7C /* Release */,
			);
			defaultConfigurationIsVisible = 0;
			defaultConfigurationName = Release;
		};
/* End XCConfigurationList section */
	};
	rootObject = 6F87400F27AC14AB0032EF7C /* Project object */;
}
